// !$*UTF8*$!
{
	archiveVersion = 1;
	classes = {
	};
	objectVersion = 46;
	objects = {

/* Begin PBXBuildFile section */
		0918EB8B1E07216500FC113E /* SendMessageViewController.swift in Sources */ = {isa = PBXBuildFile; fileRef = 0918EB8A1E07216500FC113E /* SendMessageViewController.swift */; };
		0918EB8D1E073CDF00FC113E /* MessagesTableViewController.swift in Sources */ = {isa = PBXBuildFile; fileRef = 0918EB8C1E073CDF00FC113E /* MessagesTableViewController.swift */; };
		0953540D1E0AD76200EA20B5 /* BigInt.framework in Frameworks */ = {isa = PBXBuildFile; fileRef = 0953540C1E0AD76200EA20B5 /* BigInt.framework */; };
		0953540F1E0AE3CF00EA20B5 /* EncryptionController.swift in Sources */ = {isa = PBXBuildFile; fileRef = 0953540E1E0AE3CF00EA20B5 /* EncryptionController.swift */; };
		09C073E61E048BC400B9C36B /* AppDelegate.swift in Sources */ = {isa = PBXBuildFile; fileRef = 09C073E51E048BC400B9C36B /* AppDelegate.swift */; };
		09C073E81E048BC400B9C36B /* ViewController.swift in Sources */ = {isa = PBXBuildFile; fileRef = 09C073E71E048BC400B9C36B /* ViewController.swift */; };
		09C073EB1E048BC400B9C36B /* Main.storyboard in Resources */ = {isa = PBXBuildFile; fileRef = 09C073E91E048BC400B9C36B /* Main.storyboard */; };
		09C073ED1E048BC400B9C36B /* Assets.xcassets in Resources */ = {isa = PBXBuildFile; fileRef = 09C073EC1E048BC400B9C36B /* Assets.xcassets */; };
		09C073F01E048BC500B9C36B /* LaunchScreen.storyboard in Resources */ = {isa = PBXBuildFile; fileRef = 09C073EE1E048BC500B9C36B /* LaunchScreen.storyboard */; };
		09C073FB1E048BC500B9C36B /* SEEK_RTests.swift in Sources */ = {isa = PBXBuildFile; fileRef = 09C073FA1E048BC500B9C36B /* SEEK_RTests.swift */; };
		09C074061E048BC500B9C36B /* SEEK_RUITests.swift in Sources */ = {isa = PBXBuildFile; fileRef = 09C074051E048BC500B9C36B /* SEEK_RUITests.swift */; };
		09C074181E049A7500B9C36B /* RegisterViewController.swift in Sources */ = {isa = PBXBuildFile; fileRef = 09C074171E049A7500B9C36B /* RegisterViewController.swift */; };
		09C074251E0849ED00B9C36B /* ConversationDetailViewController.swift in Sources */ = {isa = PBXBuildFile; fileRef = 09C074241E0849ED00B9C36B /* ConversationDetailViewController.swift */; };
		13329ABCEB345C4BB80115F2 /* Pods_SEEK_RUITests.framework in Frameworks */ = {isa = PBXBuildFile; fileRef = A42F2DCDBDF531F90DC9E733 /* Pods_SEEK_RUITests.framework */; };
		83373360B0E9422422C40477 /* Pods_SEEK_R.framework in Frameworks */ = {isa = PBXBuildFile; fileRef = F98702FF627A86DA5F8F72C8 /* Pods_SEEK_R.framework */; };
		CCEA433EEDAC0E4E8D6254A9 /* Pods_SEEK_RTests.framework in Frameworks */ = {isa = PBXBuildFile; fileRef = 7EB8D86838A068B5321D9BC0 /* Pods_SEEK_RTests.framework */; };
/* End PBXBuildFile section */

/* Begin PBXContainerItemProxy section */
		09C073F71E048BC500B9C36B /* PBXContainerItemProxy */ = {
			isa = PBXContainerItemProxy;
			containerPortal = 09C073DA1E048BC400B9C36B /* Project object */;
			proxyType = 1;
			remoteGlobalIDString = 09C073E11E048BC400B9C36B;
			remoteInfo = SEEK_R;
		};
		09C074021E048BC500B9C36B /* PBXContainerItemProxy */ = {
			isa = PBXContainerItemProxy;
			containerPortal = 09C073DA1E048BC400B9C36B /* Project object */;
			proxyType = 1;
			remoteGlobalIDString = 09C073E11E048BC400B9C36B;
			remoteInfo = SEEK_R;
		};
/* End PBXContainerItemProxy section */

/* Begin PBXFileReference section */
		0918EB8A1E07216500FC113E /* SendMessageViewController.swift */ = {isa = PBXFileReference; fileEncoding = 4; lastKnownFileType = sourcecode.swift; path = SendMessageViewController.swift; sourceTree = "<group>"; };
		0918EB8C1E073CDF00FC113E /* MessagesTableViewController.swift */ = {isa = PBXFileReference; fileEncoding = 4; lastKnownFileType = sourcecode.swift; path = MessagesTableViewController.swift; sourceTree = "<group>"; };
		0953540C1E0AD76200EA20B5 /* BigInt.framework */ = {isa = PBXFileReference; lastKnownFileType = wrapper.framework; name = BigInt.framework; path = "Pods/../build/Debug-iphoneos/BigInt/BigInt.framework"; sourceTree = "<group>"; };
		0953540E1E0AE3CF00EA20B5 /* EncryptionController.swift */ = {isa = PBXFileReference; fileEncoding = 4; lastKnownFileType = sourcecode.swift; path = EncryptionController.swift; sourceTree = "<group>"; };
		09C073E21E048BC400B9C36B /* SEEK_R.app */ = {isa = PBXFileReference; explicitFileType = wrapper.application; includeInIndex = 0; path = SEEK_R.app; sourceTree = BUILT_PRODUCTS_DIR; };
		09C073E51E048BC400B9C36B /* AppDelegate.swift */ = {isa = PBXFileReference; lastKnownFileType = sourcecode.swift; path = AppDelegate.swift; sourceTree = "<group>"; };
		09C073E71E048BC400B9C36B /* ViewController.swift */ = {isa = PBXFileReference; lastKnownFileType = sourcecode.swift; path = ViewController.swift; sourceTree = "<group>"; };
		09C073EA1E048BC400B9C36B /* Base */ = {isa = PBXFileReference; lastKnownFileType = file.storyboard; name = Base; path = Base.lproj/Main.storyboard; sourceTree = "<group>"; };
		09C073EC1E048BC400B9C36B /* Assets.xcassets */ = {isa = PBXFileReference; lastKnownFileType = folder.assetcatalog; path = Assets.xcassets; sourceTree = "<group>"; };
		09C073EF1E048BC500B9C36B /* Base */ = {isa = PBXFileReference; lastKnownFileType = file.storyboard; name = Base; path = Base.lproj/LaunchScreen.storyboard; sourceTree = "<group>"; };
		09C073F11E048BC500B9C36B /* Info.plist */ = {isa = PBXFileReference; lastKnownFileType = text.plist.xml; path = Info.plist; sourceTree = "<group>"; };
		09C073F61E048BC500B9C36B /* SEEK_RTests.xctest */ = {isa = PBXFileReference; explicitFileType = wrapper.cfbundle; includeInIndex = 0; path = SEEK_RTests.xctest; sourceTree = BUILT_PRODUCTS_DIR; };
		09C073FA1E048BC500B9C36B /* SEEK_RTests.swift */ = {isa = PBXFileReference; lastKnownFileType = sourcecode.swift; path = SEEK_RTests.swift; sourceTree = "<group>"; };
		09C073FC1E048BC500B9C36B /* Info.plist */ = {isa = PBXFileReference; lastKnownFileType = text.plist.xml; path = Info.plist; sourceTree = "<group>"; };
		09C074011E048BC500B9C36B /* SEEK_RUITests.xctest */ = {isa = PBXFileReference; explicitFileType = wrapper.cfbundle; includeInIndex = 0; path = SEEK_RUITests.xctest; sourceTree = BUILT_PRODUCTS_DIR; };
		09C074051E048BC500B9C36B /* SEEK_RUITests.swift */ = {isa = PBXFileReference; lastKnownFileType = sourcecode.swift; path = SEEK_RUITests.swift; sourceTree = "<group>"; };
		09C074071E048BC500B9C36B /* Info.plist */ = {isa = PBXFileReference; lastKnownFileType = text.plist.xml; path = Info.plist; sourceTree = "<group>"; };
		09C074171E049A7500B9C36B /* RegisterViewController.swift */ = {isa = PBXFileReference; fileEncoding = 4; lastKnownFileType = sourcecode.swift; name = RegisterViewController.swift; path = ../RegisterViewController.swift; sourceTree = "<group>"; };
		09C074241E0849ED00B9C36B /* ConversationDetailViewController.swift */ = {isa = PBXFileReference; fileEncoding = 4; lastKnownFileType = sourcecode.swift; path = ConversationDetailViewController.swift; sourceTree = "<group>"; };
		60DB659D4A89A9BA7BE1B10B /* Pods-SEEK_R.debug.xcconfig */ = {isa = PBXFileReference; includeInIndex = 1; lastKnownFileType = text.xcconfig; name = "Pods-SEEK_R.debug.xcconfig"; path = "Pods/Target Support Files/Pods-SEEK_R/Pods-SEEK_R.debug.xcconfig"; sourceTree = "<group>"; };
		7EB8D86838A068B5321D9BC0 /* Pods_SEEK_RTests.framework */ = {isa = PBXFileReference; explicitFileType = wrapper.framework; includeInIndex = 0; path = Pods_SEEK_RTests.framework; sourceTree = BUILT_PRODUCTS_DIR; };
		A42F2DCDBDF531F90DC9E733 /* Pods_SEEK_RUITests.framework */ = {isa = PBXFileReference; explicitFileType = wrapper.framework; includeInIndex = 0; path = Pods_SEEK_RUITests.framework; sourceTree = BUILT_PRODUCTS_DIR; };
		A8CF6E7B78B0F9A64DB237FD /* Pods-SEEK_R.release.xcconfig */ = {isa = PBXFileReference; includeInIndex = 1; lastKnownFileType = text.xcconfig; name = "Pods-SEEK_R.release.xcconfig"; path = "Pods/Target Support Files/Pods-SEEK_R/Pods-SEEK_R.release.xcconfig"; sourceTree = "<group>"; };
		B1EA5495B46119B992ECB5E4 /* Pods-SEEK_RTests.release.xcconfig */ = {isa = PBXFileReference; includeInIndex = 1; lastKnownFileType = text.xcconfig; name = "Pods-SEEK_RTests.release.xcconfig"; path = "Pods/Target Support Files/Pods-SEEK_RTests/Pods-SEEK_RTests.release.xcconfig"; sourceTree = "<group>"; };
		BDD699D3FF9D8D1A0DC8383C /* Pods-SEEK_RUITests.release.xcconfig */ = {isa = PBXFileReference; includeInIndex = 1; lastKnownFileType = text.xcconfig; name = "Pods-SEEK_RUITests.release.xcconfig"; path = "Pods/Target Support Files/Pods-SEEK_RUITests/Pods-SEEK_RUITests.release.xcconfig"; sourceTree = "<group>"; };
		D315B148D820702B9E4B675D /* Pods-SEEK_RTests.debug.xcconfig */ = {isa = PBXFileReference; includeInIndex = 1; lastKnownFileType = text.xcconfig; name = "Pods-SEEK_RTests.debug.xcconfig"; path = "Pods/Target Support Files/Pods-SEEK_RTests/Pods-SEEK_RTests.debug.xcconfig"; sourceTree = "<group>"; };
		D8355AB3B486D07E8CB5D03B /* Pods-SEEK_RUITests.debug.xcconfig */ = {isa = PBXFileReference; includeInIndex = 1; lastKnownFileType = text.xcconfig; name = "Pods-SEEK_RUITests.debug.xcconfig"; path = "Pods/Target Support Files/Pods-SEEK_RUITests/Pods-SEEK_RUITests.debug.xcconfig"; sourceTree = "<group>"; };
		F98702FF627A86DA5F8F72C8 /* Pods_SEEK_R.framework */ = {isa = PBXFileReference; explicitFileType = wrapper.framework; includeInIndex = 0; path = Pods_SEEK_R.framework; sourceTree = BUILT_PRODUCTS_DIR; };
/* End PBXFileReference section */

/* Begin PBXFrameworksBuildPhase section */
		09C073DF1E048BC400B9C36B /* Frameworks */ = {
			isa = PBXFrameworksBuildPhase;
			buildActionMask = 2147483647;
			files = (
				0953540D1E0AD76200EA20B5 /* BigInt.framework in Frameworks */,
				83373360B0E9422422C40477 /* Pods_SEEK_R.framework in Frameworks */,
			);
			runOnlyForDeploymentPostprocessing = 0;
		};
		09C073F31E048BC500B9C36B /* Frameworks */ = {
			isa = PBXFrameworksBuildPhase;
			buildActionMask = 2147483647;
			files = (
				CCEA433EEDAC0E4E8D6254A9 /* Pods_SEEK_RTests.framework in Frameworks */,
			);
			runOnlyForDeploymentPostprocessing = 0;
		};
		09C073FE1E048BC500B9C36B /* Frameworks */ = {
			isa = PBXFrameworksBuildPhase;
			buildActionMask = 2147483647;
			files = (
				13329ABCEB345C4BB80115F2 /* Pods_SEEK_RUITests.framework in Frameworks */,
			);
			runOnlyForDeploymentPostprocessing = 0;
		};
/* End PBXFrameworksBuildPhase section */

/* Begin PBXGroup section */
		09C073D91E048BC400B9C36B = {
			isa = PBXGroup;
			children = (
				09C073E41E048BC400B9C36B /* SEEK_R */,
				09C073F91E048BC500B9C36B /* SEEK_RTests */,
				09C074041E048BC500B9C36B /* SEEK_RUITests */,
				09C073E31E048BC400B9C36B /* Products */,
				D62A2101CF99522A2D4967D3 /* Pods */,
				3F72A8007F849151A290697E /* Frameworks */,
			);
			sourceTree = "<group>";
		};
		09C073E31E048BC400B9C36B /* Products */ = {
			isa = PBXGroup;
			children = (
				09C073E21E048BC400B9C36B /* SEEK_R.app */,
				09C073F61E048BC500B9C36B /* SEEK_RTests.xctest */,
				09C074011E048BC500B9C36B /* SEEK_RUITests.xctest */,
			);
			name = Products;
			sourceTree = "<group>";
		};
		09C073E41E048BC400B9C36B /* SEEK_R */ = {
			isa = PBXGroup;
			children = (
				09C073E51E048BC400B9C36B /* AppDelegate.swift */,
				09C073E71E048BC400B9C36B /* ViewController.swift */,
				09C074171E049A7500B9C36B /* RegisterViewController.swift */,
				0918EB8A1E07216500FC113E /* SendMessageViewController.swift */,
				09C073E91E048BC400B9C36B /* Main.storyboard */,
				09C073EC1E048BC400B9C36B /* Assets.xcassets */,
				09C073EE1E048BC500B9C36B /* LaunchScreen.storyboard */,
				09C073F11E048BC500B9C36B /* Info.plist */,
				0918EB8C1E073CDF00FC113E /* MessagesTableViewController.swift */,
				09C074241E0849ED00B9C36B /* ConversationDetailViewController.swift */,
				0953540E1E0AE3CF00EA20B5 /* EncryptionController.swift */,
			);
			path = SEEK_R;
			sourceTree = "<group>";
		};
		09C073F91E048BC500B9C36B /* SEEK_RTests */ = {
			isa = PBXGroup;
			children = (
				09C073FA1E048BC500B9C36B /* SEEK_RTests.swift */,
				09C073FC1E048BC500B9C36B /* Info.plist */,
			);
			path = SEEK_RTests;
			sourceTree = "<group>";
		};
		09C074041E048BC500B9C36B /* SEEK_RUITests */ = {
			isa = PBXGroup;
			children = (
				09C074051E048BC500B9C36B /* SEEK_RUITests.swift */,
				09C074071E048BC500B9C36B /* Info.plist */,
			);
			path = SEEK_RUITests;
			sourceTree = "<group>";
		};
		3F72A8007F849151A290697E /* Frameworks */ = {
			isa = PBXGroup;
			children = (
				0953540C1E0AD76200EA20B5 /* BigInt.framework */,
				F98702FF627A86DA5F8F72C8 /* Pods_SEEK_R.framework */,
				7EB8D86838A068B5321D9BC0 /* Pods_SEEK_RTests.framework */,
				A42F2DCDBDF531F90DC9E733 /* Pods_SEEK_RUITests.framework */,
			);
			name = Frameworks;
			sourceTree = "<group>";
		};
		D62A2101CF99522A2D4967D3 /* Pods */ = {
			isa = PBXGroup;
			children = (
				60DB659D4A89A9BA7BE1B10B /* Pods-SEEK_R.debug.xcconfig */,
				A8CF6E7B78B0F9A64DB237FD /* Pods-SEEK_R.release.xcconfig */,
				D315B148D820702B9E4B675D /* Pods-SEEK_RTests.debug.xcconfig */,
				B1EA5495B46119B992ECB5E4 /* Pods-SEEK_RTests.release.xcconfig */,
				D8355AB3B486D07E8CB5D03B /* Pods-SEEK_RUITests.debug.xcconfig */,
				BDD699D3FF9D8D1A0DC8383C /* Pods-SEEK_RUITests.release.xcconfig */,
			);
			name = Pods;
			sourceTree = "<group>";
		};
/* End PBXGroup section */

/* Begin PBXNativeTarget section */
		09C073E11E048BC400B9C36B /* SEEK_R */ = {
			isa = PBXNativeTarget;
			buildConfigurationList = 09C0740A1E048BC500B9C36B /* Build configuration list for PBXNativeTarget "SEEK_R" */;
			buildPhases = (
				61D4157F9BF77DFE45AC285A /* [CP] Check Pods Manifest.lock */,
				09C073DE1E048BC400B9C36B /* Sources */,
				09C073DF1E048BC400B9C36B /* Frameworks */,
				09C073E01E048BC400B9C36B /* Resources */,
				4BB23F3BADA4DCCCEB46D8E0 /* [CP] Embed Pods Frameworks */,
				48E525FAA41197F4089D1F95 /* [CP] Copy Pods Resources */,
			);
			buildRules = (
			);
			dependencies = (
			);
			name = SEEK_R;
			productName = SEEK_R;
			productReference = 09C073E21E048BC400B9C36B /* SEEK_R.app */;
			productType = "com.apple.product-type.application";
		};
		09C073F51E048BC500B9C36B /* SEEK_RTests */ = {
			isa = PBXNativeTarget;
			buildConfigurationList = 09C0740D1E048BC500B9C36B /* Build configuration list for PBXNativeTarget "SEEK_RTests" */;
			buildPhases = (
				7AA3ED864E05CD67297F9CC5 /* [CP] Check Pods Manifest.lock */,
				09C073F21E048BC500B9C36B /* Sources */,
				09C073F31E048BC500B9C36B /* Frameworks */,
				09C073F41E048BC500B9C36B /* Resources */,
				A179714E88BE5B3CCA1CE879 /* [CP] Embed Pods Frameworks */,
				E0BE2A9A15E7DA00D170AA61 /* [CP] Copy Pods Resources */,
			);
			buildRules = (
			);
			dependencies = (
				09C073F81E048BC500B9C36B /* PBXTargetDependency */,
			);
			name = SEEK_RTests;
			productName = SEEK_RTests;
			productReference = 09C073F61E048BC500B9C36B /* SEEK_RTests.xctest */;
			productType = "com.apple.product-type.bundle.unit-test";
		};
		09C074001E048BC500B9C36B /* SEEK_RUITests */ = {
			isa = PBXNativeTarget;
			buildConfigurationList = 09C074101E048BC500B9C36B /* Build configuration list for PBXNativeTarget "SEEK_RUITests" */;
			buildPhases = (
				0E5908F6417AC08DE9FDE9B8 /* [CP] Check Pods Manifest.lock */,
				09C073FD1E048BC500B9C36B /* Sources */,
				09C073FE1E048BC500B9C36B /* Frameworks */,
				09C073FF1E048BC500B9C36B /* Resources */,
				8DE4BF83D1C34C179BB8296E /* [CP] Embed Pods Frameworks */,
				B7E4E2D295CA3C9929917809 /* [CP] Copy Pods Resources */,
			);
			buildRules = (
			);
			dependencies = (
				09C074031E048BC500B9C36B /* PBXTargetDependency */,
			);
			name = SEEK_RUITests;
			productName = SEEK_RUITests;
			productReference = 09C074011E048BC500B9C36B /* SEEK_RUITests.xctest */;
			productType = "com.apple.product-type.bundle.ui-testing";
		};
/* End PBXNativeTarget section */

/* Begin PBXProject section */
		09C073DA1E048BC400B9C36B /* Project object */ = {
			isa = PBXProject;
			attributes = {
				LastSwiftUpdateCheck = 0820;
				LastUpgradeCheck = 0820;
				ORGANIZATIONNAME = dbcseekrgroup;
				TargetAttributes = {
					09C073E11E048BC400B9C36B = {
						CreatedOnToolsVersion = 8.2;
						DevelopmentTeam = 42C2G5VRTB;
						ProvisioningStyle = Automatic;
					};
					09C073F51E048BC500B9C36B = {
						CreatedOnToolsVersion = 8.2;
						ProvisioningStyle = Automatic;
						TestTargetID = 09C073E11E048BC400B9C36B;
					};
					09C074001E048BC500B9C36B = {
						CreatedOnToolsVersion = 8.2;
						ProvisioningStyle = Automatic;
						TestTargetID = 09C073E11E048BC400B9C36B;
					};
				};
			};
			buildConfigurationList = 09C073DD1E048BC400B9C36B /* Build configuration list for PBXProject "SEEK_R" */;
			compatibilityVersion = "Xcode 3.2";
			developmentRegion = English;
			hasScannedForEncodings = 0;
			knownRegions = (
				en,
				Base,
			);
			mainGroup = 09C073D91E048BC400B9C36B;
			productRefGroup = 09C073E31E048BC400B9C36B /* Products */;
			projectDirPath = "";
			projectRoot = "";
			targets = (
				09C073E11E048BC400B9C36B /* SEEK_R */,
				09C073F51E048BC500B9C36B /* SEEK_RTests */,
				09C074001E048BC500B9C36B /* SEEK_RUITests */,
			);
		};
/* End PBXProject section */

/* Begin PBXResourcesBuildPhase section */
		09C073E01E048BC400B9C36B /* Resources */ = {
			isa = PBXResourcesBuildPhase;
			buildActionMask = 2147483647;
			files = (
				09C073F01E048BC500B9C36B /* LaunchScreen.storyboard in Resources */,
				09C073ED1E048BC400B9C36B /* Assets.xcassets in Resources */,
				09C073EB1E048BC400B9C36B /* Main.storyboard in Resources */,
			);
			runOnlyForDeploymentPostprocessing = 0;
		};
		09C073F41E048BC500B9C36B /* Resources */ = {
			isa = PBXResourcesBuildPhase;
			buildActionMask = 2147483647;
			files = (
			);
			runOnlyForDeploymentPostprocessing = 0;
		};
		09C073FF1E048BC500B9C36B /* Resources */ = {
			isa = PBXResourcesBuildPhase;
			buildActionMask = 2147483647;
			files = (
			);
			runOnlyForDeploymentPostprocessing = 0;
		};
/* End PBXResourcesBuildPhase section */

/* Begin PBXShellScriptBuildPhase section */
		0E5908F6417AC08DE9FDE9B8 /* [CP] Check Pods Manifest.lock */ = {
			isa = PBXShellScriptBuildPhase;
			buildActionMask = 2147483647;
			files = (
			);
			inputPaths = (
			);
			name = "[CP] Check Pods Manifest.lock";
			outputPaths = (
			);
			runOnlyForDeploymentPostprocessing = 0;
			shellPath = /bin/sh;
			shellScript = "diff \"${PODS_ROOT}/../Podfile.lock\" \"${PODS_ROOT}/Manifest.lock\" > /dev/null\nif [ $? != 0 ] ; then\n    # print error to STDERR\n    echo \"error: The sandbox is not in sync with the Podfile.lock. Run 'pod install' or update your CocoaPods installation.\" >&2\n    exit 1\nfi\n";
			showEnvVarsInLog = 0;
		};
		48E525FAA41197F4089D1F95 /* [CP] Copy Pods Resources */ = {
			isa = PBXShellScriptBuildPhase;
			buildActionMask = 2147483647;
			files = (
			);
			inputPaths = (
			);
			name = "[CP] Copy Pods Resources";
			outputPaths = (
			);
			runOnlyForDeploymentPostprocessing = 0;
			shellPath = /bin/sh;
			shellScript = "\"${SRCROOT}/Pods/Target Support Files/Pods-SEEK_R/Pods-SEEK_R-resources.sh\"\n";
			showEnvVarsInLog = 0;
		};
		4BB23F3BADA4DCCCEB46D8E0 /* [CP] Embed Pods Frameworks */ = {
			isa = PBXShellScriptBuildPhase;
			buildActionMask = 2147483647;
			files = (
			);
			inputPaths = (
			);
			name = "[CP] Embed Pods Frameworks";
			outputPaths = (
			);
			runOnlyForDeploymentPostprocessing = 0;
			shellPath = /bin/sh;
			shellScript = "\"${SRCROOT}/Pods/Target Support Files/Pods-SEEK_R/Pods-SEEK_R-frameworks.sh\"\n";
			showEnvVarsInLog = 0;
		};
		61D4157F9BF77DFE45AC285A /* [CP] Check Pods Manifest.lock */ = {
			isa = PBXShellScriptBuildPhase;
			buildActionMask = 2147483647;
			files = (
			);
			inputPaths = (
			);
			name = "[CP] Check Pods Manifest.lock";
			outputPaths = (
			);
			runOnlyForDeploymentPostprocessing = 0;
			shellPath = /bin/sh;
			shellScript = "diff \"${PODS_ROOT}/../Podfile.lock\" \"${PODS_ROOT}/Manifest.lock\" > /dev/null\nif [ $? != 0 ] ; then\n    # print error to STDERR\n    echo \"error: The sandbox is not in sync with the Podfile.lock. Run 'pod install' or update your CocoaPods installation.\" >&2\n    exit 1\nfi\n";
			showEnvVarsInLog = 0;
		};
		7AA3ED864E05CD67297F9CC5 /* [CP] Check Pods Manifest.lock */ = {
			isa = PBXShellScriptBuildPhase;
			buildActionMask = 2147483647;
			files = (
			);
			inputPaths = (
			);
			name = "[CP] Check Pods Manifest.lock";
			outputPaths = (
			);
			runOnlyForDeploymentPostprocessing = 0;
			shellPath = /bin/sh;
			shellScript = "diff \"${PODS_ROOT}/../Podfile.lock\" \"${PODS_ROOT}/Manifest.lock\" > /dev/null\nif [ $? != 0 ] ; then\n    # print error to STDERR\n    echo \"error: The sandbox is not in sync with the Podfile.lock. Run 'pod install' or update your CocoaPods installation.\" >&2\n    exit 1\nfi\n";
			showEnvVarsInLog = 0;
		};
		8DE4BF83D1C34C179BB8296E /* [CP] Embed Pods Frameworks */ = {
			isa = PBXShellScriptBuildPhase;
			buildActionMask = 2147483647;
			files = (
			);
			inputPaths = (
			);
			name = "[CP] Embed Pods Frameworks";
			outputPaths = (
			);
			runOnlyForDeploymentPostprocessing = 0;
			shellPath = /bin/sh;
			shellScript = "\"${SRCROOT}/Pods/Target Support Files/Pods-SEEK_RUITests/Pods-SEEK_RUITests-frameworks.sh\"\n";
			showEnvVarsInLog = 0;
		};
		A179714E88BE5B3CCA1CE879 /* [CP] Embed Pods Frameworks */ = {
			isa = PBXShellScriptBuildPhase;
			buildActionMask = 2147483647;
			files = (
			);
			inputPaths = (
			);
			name = "[CP] Embed Pods Frameworks";
			outputPaths = (
			);
			runOnlyForDeploymentPostprocessing = 0;
			shellPath = /bin/sh;
			shellScript = "\"${SRCROOT}/Pods/Target Support Files/Pods-SEEK_RTests/Pods-SEEK_RTests-frameworks.sh\"\n";
			showEnvVarsInLog = 0;
		};
		B7E4E2D295CA3C9929917809 /* [CP] Copy Pods Resources */ = {
			isa = PBXShellScriptBuildPhase;
			buildActionMask = 2147483647;
			files = (
			);
			inputPaths = (
			);
			name = "[CP] Copy Pods Resources";
			outputPaths = (
			);
			runOnlyForDeploymentPostprocessing = 0;
			shellPath = /bin/sh;
			shellScript = "\"${SRCROOT}/Pods/Target Support Files/Pods-SEEK_RUITests/Pods-SEEK_RUITests-resources.sh\"\n";
			showEnvVarsInLog = 0;
		};
		E0BE2A9A15E7DA00D170AA61 /* [CP] Copy Pods Resources */ = {
			isa = PBXShellScriptBuildPhase;
			buildActionMask = 2147483647;
			files = (
			);
			inputPaths = (
			);
			name = "[CP] Copy Pods Resources";
			outputPaths = (
			);
			runOnlyForDeploymentPostprocessing = 0;
			shellPath = /bin/sh;
			shellScript = "\"${SRCROOT}/Pods/Target Support Files/Pods-SEEK_RTests/Pods-SEEK_RTests-resources.sh\"\n";
			showEnvVarsInLog = 0;
		};
/* End PBXShellScriptBuildPhase section */

/* Begin PBXSourcesBuildPhase section */
		09C073DE1E048BC400B9C36B /* Sources */ = {
			isa = PBXSourcesBuildPhase;
			buildActionMask = 2147483647;
			files = (
				09C074181E049A7500B9C36B /* RegisterViewController.swift in Sources */,
				0918EB8B1E07216500FC113E /* SendMessageViewController.swift in Sources */,
				09C074251E0849ED00B9C36B /* ConversationDetailViewController.swift in Sources */,
				0953540F1E0AE3CF00EA20B5 /* EncryptionController.swift in Sources */,
				09C073E81E048BC400B9C36B /* ViewController.swift in Sources */,
				09C073E61E048BC400B9C36B /* AppDelegate.swift in Sources */,
				0918EB8D1E073CDF00FC113E /* MessagesTableViewController.swift in Sources */,
			);
			runOnlyForDeploymentPostprocessing = 0;
		};
		09C073F21E048BC500B9C36B /* Sources */ = {
			isa = PBXSourcesBuildPhase;
			buildActionMask = 2147483647;
			files = (
				09C073FB1E048BC500B9C36B /* SEEK_RTests.swift in Sources */,
			);
			runOnlyForDeploymentPostprocessing = 0;
		};
		09C073FD1E048BC500B9C36B /* Sources */ = {
			isa = PBXSourcesBuildPhase;
			buildActionMask = 2147483647;
			files = (
				09C074061E048BC500B9C36B /* SEEK_RUITests.swift in Sources */,
			);
			runOnlyForDeploymentPostprocessing = 0;
		};
/* End PBXSourcesBuildPhase section */

/* Begin PBXTargetDependency section */
		09C073F81E048BC500B9C36B /* PBXTargetDependency */ = {
			isa = PBXTargetDependency;
			target = 09C073E11E048BC400B9C36B /* SEEK_R */;
			targetProxy = 09C073F71E048BC500B9C36B /* PBXContainerItemProxy */;
		};
		09C074031E048BC500B9C36B /* PBXTargetDependency */ = {
			isa = PBXTargetDependency;
			target = 09C073E11E048BC400B9C36B /* SEEK_R */;
			targetProxy = 09C074021E048BC500B9C36B /* PBXContainerItemProxy */;
		};
/* End PBXTargetDependency section */

/* Begin PBXVariantGroup section */
		09C073E91E048BC400B9C36B /* Main.storyboard */ = {
			isa = PBXVariantGroup;
			children = (
				09C073EA1E048BC400B9C36B /* Base */,
			);
			name = Main.storyboard;
			sourceTree = "<group>";
		};
		09C073EE1E048BC500B9C36B /* LaunchScreen.storyboard */ = {
			isa = PBXVariantGroup;
			children = (
				09C073EF1E048BC500B9C36B /* Base */,
			);
			name = LaunchScreen.storyboard;
			sourceTree = "<group>";
		};
/* End PBXVariantGroup section */

/* Begin XCBuildConfiguration section */
		09C074081E048BC500B9C36B /* Debug */ = {
			isa = XCBuildConfiguration;
			buildSettings = {
				ALWAYS_SEARCH_USER_PATHS = NO;
				CLANG_ANALYZER_NONNULL = YES;
				CLANG_CXX_LANGUAGE_STANDARD = "gnu++0x";
				CLANG_CXX_LIBRARY = "libc++";
				CLANG_ENABLE_MODULES = YES;
				CLANG_ENABLE_OBJC_ARC = YES;
				CLANG_WARN_BOOL_CONVERSION = YES;
				CLANG_WARN_CONSTANT_CONVERSION = YES;
				CLANG_WARN_DIRECT_OBJC_ISA_USAGE = YES_ERROR;
				CLANG_WARN_DOCUMENTATION_COMMENTS = YES;
				CLANG_WARN_EMPTY_BODY = YES;
				CLANG_WARN_ENUM_CONVERSION = YES;
				CLANG_WARN_INFINITE_RECURSION = YES;
				CLANG_WARN_INT_CONVERSION = YES;
				CLANG_WARN_OBJC_ROOT_CLASS = YES_ERROR;
				CLANG_WARN_SUSPICIOUS_MOVE = YES;
				CLANG_WARN_UNREACHABLE_CODE = YES;
				CLANG_WARN__DUPLICATE_METHOD_MATCH = YES;
				"CODE_SIGN_IDENTITY[sdk=iphoneos*]" = "iPhone Developer";
				COPY_PHASE_STRIP = NO;
				DEBUG_INFORMATION_FORMAT = dwarf;
				ENABLE_STRICT_OBJC_MSGSEND = YES;
				ENABLE_TESTABILITY = YES;
				GCC_C_LANGUAGE_STANDARD = gnu99;
				GCC_DYNAMIC_NO_PIC = NO;
				GCC_NO_COMMON_BLOCKS = YES;
				GCC_OPTIMIZATION_LEVEL = 0;
				GCC_PREPROCESSOR_DEFINITIONS = (
					"DEBUG=1",
					"$(inherited)",
				);
				GCC_WARN_64_TO_32_BIT_CONVERSION = YES;
				GCC_WARN_ABOUT_RETURN_TYPE = YES_ERROR;
				GCC_WARN_UNDECLARED_SELECTOR = YES;
				GCC_WARN_UNINITIALIZED_AUTOS = YES_AGGRESSIVE;
				GCC_WARN_UNUSED_FUNCTION = YES;
				GCC_WARN_UNUSED_VARIABLE = YES;
				IPHONEOS_DEPLOYMENT_TARGET = 10.2;
				MTL_ENABLE_DEBUG_INFO = YES;
				ONLY_ACTIVE_ARCH = YES;
				SDKROOT = iphoneos;
				SWIFT_ACTIVE_COMPILATION_CONDITIONS = DEBUG;
				SWIFT_OPTIMIZATION_LEVEL = "-Onone";
			};
			name = Debug;
		};
		09C074091E048BC500B9C36B /* Release */ = {
			isa = XCBuildConfiguration;
			buildSettings = {
				ALWAYS_SEARCH_USER_PATHS = NO;
				CLANG_ANALYZER_NONNULL = YES;
				CLANG_CXX_LANGUAGE_STANDARD = "gnu++0x";
				CLANG_CXX_LIBRARY = "libc++";
				CLANG_ENABLE_MODULES = YES;
				CLANG_ENABLE_OBJC_ARC = YES;
				CLANG_WARN_BOOL_CONVERSION = YES;
				CLANG_WARN_CONSTANT_CONVERSION = YES;
				CLANG_WARN_DIRECT_OBJC_ISA_USAGE = YES_ERROR;
				CLANG_WARN_DOCUMENTATION_COMMENTS = YES;
				CLANG_WARN_EMPTY_BODY = YES;
				CLANG_WARN_ENUM_CONVERSION = YES;
				CLANG_WARN_INFINITE_RECURSION = YES;
				CLANG_WARN_INT_CONVERSION = YES;
				CLANG_WARN_OBJC_ROOT_CLASS = YES_ERROR;
				CLANG_WARN_SUSPICIOUS_MOVE = YES;
				CLANG_WARN_UNREACHABLE_CODE = YES;
				CLANG_WARN__DUPLICATE_METHOD_MATCH = YES;
				"CODE_SIGN_IDENTITY[sdk=iphoneos*]" = "iPhone Developer";
				COPY_PHASE_STRIP = NO;
				DEBUG_INFORMATION_FORMAT = "dwarf-with-dsym";
				ENABLE_NS_ASSERTIONS = NO;
				ENABLE_STRICT_OBJC_MSGSEND = YES;
				GCC_C_LANGUAGE_STANDARD = gnu99;
				GCC_NO_COMMON_BLOCKS = YES;
				GCC_WARN_64_TO_32_BIT_CONVERSION = YES;
				GCC_WARN_ABOUT_RETURN_TYPE = YES_ERROR;
				GCC_WARN_UNDECLARED_SELECTOR = YES;
				GCC_WARN_UNINITIALIZED_AUTOS = YES_AGGRESSIVE;
				GCC_WARN_UNUSED_FUNCTION = YES;
				GCC_WARN_UNUSED_VARIABLE = YES;
				IPHONEOS_DEPLOYMENT_TARGET = 10.2;
				MTL_ENABLE_DEBUG_INFO = NO;
				SDKROOT = iphoneos;
				SWIFT_OPTIMIZATION_LEVEL = "-Owholemodule";
				VALIDATE_PRODUCT = YES;
			};
			name = Release;
		};
		09C0740B1E048BC500B9C36B /* Debug */ = {
			isa = XCBuildConfiguration;
			baseConfigurationReference = 60DB659D4A89A9BA7BE1B10B /* Pods-SEEK_R.debug.xcconfig */;
			buildSettings = {
				ASSETCATALOG_COMPILER_APPICON_NAME = AppIcon;
				DEVELOPMENT_TEAM = 42C2G5VRTB;
				FRAMEWORK_SEARCH_PATHS = (
					"$(inherited)",
					"$(PROJECT_DIR)/build/Debug-iphoneos/BigInt",
				);
				INFOPLIST_FILE = SEEK_R/Info.plist;
				LD_RUNPATH_SEARCH_PATHS = "$(inherited) @executable_path/Frameworks";
				PRODUCT_BUNDLE_IDENTIFIER = "dbcseekrgroup.SEEK-R.SEEK-R";
				PRODUCT_NAME = "$(TARGET_NAME)";
				SWIFT_VERSION = 3.0;
			};
			name = Debug;
		};
		09C0740C1E048BC500B9C36B /* Release */ = {
			isa = XCBuildConfiguration;
			baseConfigurationReference = A8CF6E7B78B0F9A64DB237FD /* Pods-SEEK_R.release.xcconfig */;
			buildSettings = {
				ASSETCATALOG_COMPILER_APPICON_NAME = AppIcon;
				DEVELOPMENT_TEAM = 42C2G5VRTB;
				FRAMEWORK_SEARCH_PATHS = (
					"$(inherited)",
					"$(PROJECT_DIR)/build/Debug-iphoneos/BigInt",
				);
				INFOPLIST_FILE = SEEK_R/Info.plist;
				LD_RUNPATH_SEARCH_PATHS = "$(inherited) @executable_path/Frameworks";
				PRODUCT_BUNDLE_IDENTIFIER = "dbcseekrgroup.SEEK-R.SEEK-R";
				PRODUCT_NAME = "$(TARGET_NAME)";
				SWIFT_VERSION = 3.0;
			};
			name = Release;
		};
		09C0740E1E048BC500B9C36B /* Debug */ = {
			isa = XCBuildConfiguration;
			baseConfigurationReference = D315B148D820702B9E4B675D /* Pods-SEEK_RTests.debug.xcconfig */;
			buildSettings = {
				ALWAYS_EMBED_SWIFT_STANDARD_LIBRARIES = YES;
				BUNDLE_LOADER = "$(TEST_HOST)";
				INFOPLIST_FILE = SEEK_RTests/Info.plist;
				LD_RUNPATH_SEARCH_PATHS = "$(inherited) @executable_path/Frameworks @loader_path/Frameworks";
				PRODUCT_BUNDLE_IDENTIFIER = "dbcseekrgroup.SEEK-R.SEEK-RTests";
				PRODUCT_NAME = "$(TARGET_NAME)";
				SWIFT_VERSION = 3.0;
				TEST_HOST = "$(BUILT_PRODUCTS_DIR)/SEEK_R.app/SEEK_R";
			};
			name = Debug;
		};
		09C0740F1E048BC500B9C36B /* Release */ = {
			isa = XCBuildConfiguration;
			baseConfigurationReference = B1EA5495B46119B992ECB5E4 /* Pods-SEEK_RTests.release.xcconfig */;
			buildSettings = {
				ALWAYS_EMBED_SWIFT_STANDARD_LIBRARIES = YES;
				BUNDLE_LOADER = "$(TEST_HOST)";
				INFOPLIST_FILE = SEEK_RTests/Info.plist;
				LD_RUNPATH_SEARCH_PATHS = "$(inherited) @executable_path/Frameworks @loader_path/Frameworks";
				PRODUCT_BUNDLE_IDENTIFIER = "dbcseekrgroup.SEEK-R.SEEK-RTests";
				PRODUCT_NAME = "$(TARGET_NAME)";
				SWIFT_VERSION = 3.0;
				TEST_HOST = "$(BUILT_PRODUCTS_DIR)/SEEK_R.app/SEEK_R";
			};
			name = Release;
		};
		09C074111E048BC500B9C36B /* Debug */ = {
			isa = XCBuildConfiguration;
			baseConfigurationReference = D8355AB3B486D07E8CB5D03B /* Pods-SEEK_RUITests.debug.xcconfig */;
			buildSettings = {
				ALWAYS_EMBED_SWIFT_STANDARD_LIBRARIES = YES;
				INFOPLIST_FILE = SEEK_RUITests/Info.plist;
				LD_RUNPATH_SEARCH_PATHS = "$(inherited) @executable_path/Frameworks @loader_path/Frameworks";
				PRODUCT_BUNDLE_IDENTIFIER = "dbcseekrgroup.SEEK-R.SEEK-RUITests";
				PRODUCT_NAME = "$(TARGET_NAME)";
				SWIFT_VERSION = 3.0;
				TEST_TARGET_NAME = SEEK_R;
			};
			name = Debug;
		};
		09C074121E048BC500B9C36B /* Release */ = {
			isa = XCBuildConfiguration;
			baseConfigurationReference = BDD699D3FF9D8D1A0DC8383C /* Pods-SEEK_RUITests.release.xcconfig */;
			buildSettings = {
				ALWAYS_EMBED_SWIFT_STANDARD_LIBRARIES = YES;
				INFOPLIST_FILE = SEEK_RUITests/Info.plist;
				LD_RUNPATH_SEARCH_PATHS = "$(inherited) @executable_path/Frameworks @loader_path/Frameworks";
				PRODUCT_BUNDLE_IDENTIFIER = "dbcseekrgroup.SEEK-R.SEEK-RUITests";
				PRODUCT_NAME = "$(TARGET_NAME)";
				SWIFT_VERSION = 3.0;
				TEST_TARGET_NAME = SEEK_R;
			};
			name = Release;
		};
/* End XCBuildConfiguration section */

/* Begin XCConfigurationList section */
		09C073DD1E048BC400B9C36B /* Build configuration list for PBXProject "SEEK_R" */ = {
			isa = XCConfigurationList;
			buildConfigurations = (
				09C074081E048BC500B9C36B /* Debug */,
				09C074091E048BC500B9C36B /* Release */,
			);
			defaultConfigurationIsVisible = 0;
			defaultConfigurationName = Release;
		};
		09C0740A1E048BC500B9C36B /* Build configuration list for PBXNativeTarget "SEEK_R" */ = {
			isa = XCConfigurationList;
			buildConfigurations = (
				09C0740B1E048BC500B9C36B /* Debug */,
				09C0740C1E048BC500B9C36B /* Release */,
			);
			defaultConfigurationIsVisible = 0;
			defaultConfigurationName = Release;
		};
		09C0740D1E048BC500B9C36B /* Build configuration list for PBXNativeTarget "SEEK_RTests" */ = {
			isa = XCConfigurationList;
			buildConfigurations = (
				09C0740E1E048BC500B9C36B /* Debug */,
				09C0740F1E048BC500B9C36B /* Release */,
			);
			defaultConfigurationIsVisible = 0;
			defaultConfigurationName = Release;
		};
		09C074101E048BC500B9C36B /* Build configuration list for PBXNativeTarget "SEEK_RUITests" */ = {
			isa = XCConfigurationList;
			buildConfigurations = (
				09C074111E048BC500B9C36B /* Debug */,
				09C074121E048BC500B9C36B /* Release */,
			);
			defaultConfigurationIsVisible = 0;
			defaultConfigurationName = Release;
		};
/* End XCConfigurationList section */
	};
	rootObject = 09C073DA1E048BC400B9C36B /* Project object */;
}
